
Microsoft Visual Studio Solution File, Format Version 12.00
# Visual Studio Version 17
VisualStudioVersion = 17.3.32901.215
MinimumVisualStudioVersion = 10.0.40219.1
Project("{FAE04EC0-301F-11D3-BF4B-00C04F79EFBC}") = "Lopushok", "Lopushok\Lopushok.csproj", "{0CD7BD2A-8FF0-467F-8511-430F4E27DCDD}"
EndProject
Global
	GlobalSection(SolutionConfigurationPlatforms) = preSolution
		Debug|Any CPU = Debug|Any CPU
		Release|Any CPU = Release|Any CPU
	EndGlobalSection
	GlobalSection(ProjectConfigurationPlatforms) = postSolution
		{0CD7BD2A-8FF0-467F-8511-430F4E27DCDD}.Debug|Any CPU.ActiveCfg = Debug|Any CPU
		{0CD7BD2A-8FF0-467F-8511-430F4E27DCDD}.Debug|Any CPU.Build.0 = Debug|Any CPU
		{0CD7BD2A-8FF0-467F-8511-430F4E27DCDD}.Release|Any CPU.ActiveCfg = Release|Any CPU
		{0CD7BD2A-8FF0-467F-8511-430F4E27DCDD}.Release|Any CPU.Build.0 = Release|Any CPU
	EndGlobalSection
	GlobalSection(SolutionProperties) = preSolution
		HideSolutionNode = FALSE
	EndGlobalSection
	GlobalSection(ExtensibilityGlobals) = postSolution
		SolutionGuid = {B4D0C544-7752-48E8-B30F-5AC5DFC0E688}
	EndGlobalSection
EndGlobal
